
Microsoft Visual Studio Solution File, Format Version 12.00
# Visual Studio Version 17
VisualStudioVersion = 17.11.35327.3
MinimumVisualStudioVersion = 10.0.40219.1
Project("{FAE04EC0-301F-11D3-BF4B-00C04F79EFBC}") = "Filip_Ioana_Lab2", "Filip_Ioana_Lab2.csproj", "{5E4B7233-2C51-48F2-AF00-B073F4040BE1}"
EndProject
Global
	GlobalSection(SolutionConfigurationPlatforms) = preSolution
		Debug|Any CPU = Debug|Any CPU
		Release|Any CPU = Release|Any CPU
	EndGlobalSection
	GlobalSection(ProjectConfigurationPlatforms) = postSolution
		{5E4B7233-2C51-48F2-AF00-B073F4040BE1}.Debug|Any CPU.ActiveCfg = Debug|Any CPU
		{5E4B7233-2C51-48F2-AF00-B073F4040BE1}.Debug|Any CPU.Build.0 = Debug|Any CPU
		{5E4B7233-2C51-48F2-AF00-B073F4040BE1}.Release|Any CPU.ActiveCfg = Release|Any CPU
		{5E4B7233-2C51-48F2-AF00-B073F4040BE1}.Release|Any CPU.Build.0 = Release|Any CPU
	EndGlobalSection
	GlobalSection(SolutionProperties) = preSolution
		HideSolutionNode = FALSE
	EndGlobalSection
	GlobalSection(ExtensibilityGlobals) = postSolution
		SolutionGuid = {8162304E-DD02-4B69-9652-EEB0DFC3B265}
	EndGlobalSection
EndGlobal
